// !$*UTF8*$!
{
	archiveVersion = 1;
	classes = {
	};
	objectVersion = 46;
	objects = {

/* Begin PBXBuildFile section */
		7E4A11981B164735001A146A /* main.m in Sources */ = {isa = PBXBuildFile; fileRef = 7E4A11971B164735001A146A /* main.m */; };
		7E4A119B1B164735001A146A /* AppDelegate.m in Sources */ = {isa = PBXBuildFile; fileRef = 7E4A119A1B164735001A146A /* AppDelegate.m */; };
		7E4A119E1B164735001A146A /* ViewController.m in Sources */ = {isa = PBXBuildFile; fileRef = 7E4A119D1B164735001A146A /* ViewController.m */; };
		7E4A11A11B164735001A146A /* Main.storyboard in Resources */ = {isa = PBXBuildFile; fileRef = 7E4A119F1B164735001A146A /* Main.storyboard */; };
		7E4A11A31B164735001A146A /* Images.xcassets in Resources */ = {isa = PBXBuildFile; fileRef = 7E4A11A21B164735001A146A /* Images.xcassets */; };
		7E4A11A61B164735001A146A /* LaunchScreen.xib in Resources */ = {isa = PBXBuildFile; fileRef = 7E4A11A41B164735001A146A /* LaunchScreen.xib */; };
		7E4A11B21B164735001A146A /* GetOnThatBusTests.m in Sources */ = {isa = PBXBuildFile; fileRef = 7E4A11B11B164735001A146A /* GetOnThatBusTests.m */; };
/* End PBXBuildFile section */

/* Begin PBXContainerItemProxy section */
		7E4A11AC1B164735001A146A /* PBXContainerItemProxy */ = {
			isa = PBXContainerItemProxy;
			containerPortal = 7E4A118A1B164735001A146A /* Project object */;
			proxyType = 1;
			remoteGlobalIDString = 7E4A11911B164735001A146A;
			remoteInfo = GetOnThatBus;
		};
/* End PBXContainerItemProxy section */

/* Begin PBXFileReference section */
		7E4A11921B164735001A146A /* GetOnThatBus.app */ = {isa = PBXFileReference; explicitFileType = wrapper.application; includeInIndex = 0; path = GetOnThatBus.app; sourceTree = BUILT_PRODUCTS_DIR; };
		7E4A11961B164735001A146A /* Info.plist */ = {isa = PBXFileReference; lastKnownFileType = text.plist.xml; path = Info.plist; sourceTree = "<group>"; };
		7E4A11971B164735001A146A /* main.m */ = {isa = PBXFileReference; lastKnownFileType = sourcecode.c.objc; path = main.m; sourceTree = "<group>"; };
		7E4A11991B164735001A146A /* AppDelegate.h */ = {isa = PBXFileReference; lastKnownFileType = sourcecode.c.h; path = AppDelegate.h; sourceTree = "<group>"; };
		7E4A119A1B164735001A146A /* AppDelegate.m */ = {isa = PBXFileReference; lastKnownFileType = sourcecode.c.objc; path = AppDelegate.m; sourceTree = "<group>"; };
		7E4A119C1B164735001A146A /* ViewController.h */ = {isa = PBXFileReference; lastKnownFileType = sourcecode.c.h; path = ViewController.h; sourceTree = "<group>"; };
		7E4A119D1B164735001A146A /* ViewController.m */ = {isa = PBXFileReference; lastKnownFileType = sourcecode.c.objc; path = ViewController.m; sourceTree = "<group>"; };
		7E4A11A01B164735001A146A /* Base */ = {isa = PBXFileReference; lastKnownFileType = file.storyboard; name = Base; path = Base.lproj/Main.storyboard; sourceTree = "<group>"; };
		7E4A11A21B164735001A146A /* Images.xcassets */ = {isa = PBXFileReference; lastKnownFileType = folder.assetcatalog; path = Images.xcassets; sourceTree = "<group>"; };
		7E4A11A51B164735001A146A /* Base */ = {isa = PBXFileReference; lastKnownFileType = file.xib; name = Base; path = Base.lproj/LaunchScreen.xib; sourceTree = "<group>"; };
		7E4A11AB1B164735001A146A /* GetOnThatBusTests.xctest */ = {isa = PBXFileReference; explicitFileType = wrapper.cfbundle; includeInIndex = 0; path = GetOnThatBusTests.xctest; sourceTree = BUILT_PRODUCTS_DIR; };
		7E4A11B01B164735001A146A /* Info.plist */ = {isa = PBXFileReference; lastKnownFileType = text.plist.xml; path = Info.plist; sourceTree = "<group>"; };
		7E4A11B11B164735001A146A /* GetOnThatBusTests.m */ = {isa = PBXFileReference; lastKnownFileType = sourcecode.c.objc; path = GetOnThatBusTests.m; sourceTree = "<group>"; };
/* End PBXFileReference section */

/* Begin PBXFrameworksBuildPhase section */
		7E4A118F1B164735001A146A /* Frameworks */ = {
			isa = PBXFrameworksBuildPhase;
			buildActionMask = 2147483647;
			files = (
			);
			runOnlyForDeploymentPostprocessing = 0;
		};
		7E4A11A81B164735001A146A /* Frameworks */ = {
			isa = PBXFrameworksBuildPhase;
			buildActionMask = 2147483647;
			files = (
			);
			runOnlyForDeploymentPostprocessing = 0;
		};
/* End PBXFrameworksBuildPhase section */

/* Begin PBXGroup section */
		7E4A11891B164735001A146A = {
			isa = PBXGroup;
			children = (
				7E4A11941B164735001A146A /* GetOnThatBus */,
				7E4A11AE1B164735001A146A /* GetOnThatBusTests */,
				7E4A11931B164735001A146A /* Products */,
			);
			sourceTree = "<group>";
		};
		7E4A11931B164735001A146A /* Products */ = {
			isa = PBXGroup;
			children = (
				7E4A11921B164735001A146A /* GetOnThatBus.app */,
				7E4A11AB1B164735001A146A /* GetOnThatBusTests.xctest */,
			);
			name = Products;
			sourceTree = "<group>";
		};
		7E4A11941B164735001A146A /* GetOnThatBus */ = {
			isa = PBXGroup;
			children = (
				7E4A11991B164735001A146A /* AppDelegate.h */,
				7E4A119A1B164735001A146A /* AppDelegate.m */,
				7E4A119C1B164735001A146A /* ViewController.h */,
				7E4A119D1B164735001A146A /* ViewController.m */,
				7E4A119F1B164735001A146A /* Main.storyboard */,
				7E4A11A21B164735001A146A /* Images.xcassets */,
				7E4A11A41B164735001A146A /* LaunchScreen.xib */,
				7E4A11951B164735001A146A /* Supporting Files */,
			);
			path = GetOnThatBus;
			sourceTree = "<group>";
		};
		7E4A11951B164735001A146A /* Supporting Files */ = {
			isa = PBXGroup;
			children = (
				7E4A11961B164735001A146A /* Info.plist */,
				7E4A11971B164735001A146A /* main.m */,
			);
			name = "Supporting Files";
			sourceTree = "<group>";
		};
		7E4A11AE1B164735001A146A /* GetOnThatBusTests */ = {
			isa = PBXGroup;
			children = (
				7E4A11B11B164735001A146A /* GetOnThatBusTests.m */,
				7E4A11AF1B164735001A146A /* Supporting Files */,
			);
			path = GetOnThatBusTests;
			sourceTree = "<group>";
		};
		7E4A11AF1B164735001A146A /* Supporting Files */ = {
			isa = PBXGroup;
			children = (
				7E4A11B01B164735001A146A /* Info.plist */,
			);
			name = "Supporting Files";
			sourceTree = "<group>";
		};
/* End PBXGroup section */

/* Begin PBXNativeTarget section */
		7E4A11911B164735001A146A /* GetOnThatBus */ = {
			isa = PBXNativeTarget;
			buildConfigurationList = 7E4A11B51B164735001A146A /* Build configuration list for PBXNativeTarget "GetOnThatBus" */;
			buildPhases = (
				7E4A118E1B164735001A146A /* Sources */,
				7E4A118F1B164735001A146A /* Frameworks */,
				7E4A11901B164735001A146A /* Resources */,
			);
			buildRules = (
			);
			dependencies = (
			);
			name = GetOnThatBus;
			productName = GetOnThatBus;
			productReference = 7E4A11921B164735001A146A /* GetOnThatBus.app */;
			productType = "com.apple.product-type.application";
		};
		7E4A11AA1B164735001A146A /* GetOnThatBusTests */ = {
			isa = PBXNativeTarget;
			buildConfigurationList = 7E4A11B81B164735001A146A /* Build configuration list for PBXNativeTarget "GetOnThatBusTests" */;
			buildPhases = (
				7E4A11A71B164735001A146A /* Sources */,
				7E4A11A81B164735001A146A /* Frameworks */,
				7E4A11A91B164735001A146A /* Resources */,
			);
			buildRules = (
			);
			dependencies = (
				7E4A11AD1B164735001A146A /* PBXTargetDependency */,
			);
			name = GetOnThatBusTests;
			productName = GetOnThatBusTests;
			productReference = 7E4A11AB1B164735001A146A /* GetOnThatBusTests.xctest */;
			productType = "com.apple.product-type.bundle.unit-test";
		};
/* End PBXNativeTarget section */

/* Begin PBXProject section */
		7E4A118A1B164735001A146A /* Project object */ = {
			isa = PBXProject;
			attributes = {
				LastUpgradeCheck = 0630;
				ORGANIZATIONNAME = "Bryon Finke";
				TargetAttributes = {
					7E4A11911B164735001A146A = {
						CreatedOnToolsVersion = 6.3.1;
					};
					7E4A11AA1B164735001A146A = {
						CreatedOnToolsVersion = 6.3.1;
						TestTargetID = 7E4A11911B164735001A146A;
					};
				};
			};
			buildConfigurationList = 7E4A118D1B164735001A146A /* Build configuration list for PBXProject "GetOnThatBus" */;
			compatibilityVersion = "Xcode 3.2";
			developmentRegion = English;
			hasScannedForEncodings = 0;
			knownRegions = (
				en,
				Base,
			);
			mainGroup = 7E4A11891B164735001A146A;
			productRefGroup = 7E4A11931B164735001A146A /* Products */;
			projectDirPath = "";
			projectRoot = "";
			targets = (
				7E4A11911B164735001A146A /* GetOnThatBus */,
				7E4A11AA1B164735001A146A /* GetOnThatBusTests */,
			);
		};
/* End PBXProject section */

/* Begin PBXResourcesBuildPhase section */
		7E4A11901B164735001A146A /* Resources */ = {
			isa = PBXResourcesBuildPhase;
			buildActionMask = 2147483647;
			files = (
				7E4A11A11B164735001A146A /* Main.storyboard in Resources */,
				7E4A11A61B164735001A146A /* LaunchScreen.xib in Resources */,
				7E4A11A31B164735001A146A /* Images.xcassets in Resources */,
			);
			runOnlyForDeploymentPostprocessing = 0;
		};
		7E4A11A91B164735001A146A /* Resources */ = {
			isa = PBXResourcesBuildPhase;
			buildActionMask = 2147483647;
			files = (
			);
			runOnlyForDeploymentPostprocessing = 0;
		};
/* End PBXResourcesBuildPhase section */

/* Begin PBXSourcesBuildPhase section */
		7E4A118E1B164735001A146A /* Sources */ = {
			isa = PBXSourcesBuildPhase;
			buildActionMask = 2147483647;
			files = (
				7E4A119E1B164735001A146A /* ViewController.m in Sources */,
				7E4A119B1B164735001A146A /* AppDelegate.m in Sources */,
				7E4A11981B164735001A146A /* main.m in Sources */,
			);
			runOnlyForDeploymentPostprocessing = 0;
		};
		7E4A11A71B164735001A146A /* Sources */ = {
			isa = PBXSourcesBuildPhase;
			buildActionMask = 2147483647;
			files = (
				7E4A11B21B164735001A146A /* GetOnThatBusTests.m in Sources */,
			);
			runOnlyForDeploymentPostprocessing = 0;
		};
/* End PBXSourcesBuildPhase section */

/* Begin PBXTargetDependency section */
		7E4A11AD1B164735001A146A /* PBXTargetDependency */ = {
			isa = PBXTargetDependency;
			target = 7E4A11911B164735001A146A /* GetOnThatBus */;
			targetProxy = 7E4A11AC1B164735001A146A /* PBXContainerItemProxy */;
		};
/* End PBXTargetDependency section */

/* Begin PBXVariantGroup section */
		7E4A119F1B164735001A146A /* Main.storyboard */ = {
			isa = PBXVariantGroup;
			children = (
				7E4A11A01B164735001A146A /* Base */,
			);
			name = Main.storyboard;
			sourceTree = "<group>";
		};
		7E4A11A41B164735001A146A /* LaunchScreen.xib */ = {
			isa = PBXVariantGroup;
			children = (
				7E4A11A51B164735001A146A /* Base */,
			);
			name = LaunchScreen.xib;
			sourceTree = "<group>";
		};
/* End PBXVariantGroup section */

/* Begin XCBuildConfiguration section */
		7E4A11B31B164735001A146A /* Debug */ = {
			isa = XCBuildConfiguration;
			buildSettings = {
				ALWAYS_SEARCH_USER_PATHS = NO;
				CLANG_CXX_LANGUAGE_STANDARD = "gnu++0x";
				CLANG_CXX_LIBRARY = "libc++";
				CLANG_ENABLE_MODULES = YES;
				CLANG_ENABLE_OBJC_ARC = YES;
				CLANG_WARN_BOOL_CONVERSION = YES;
				CLANG_WARN_CONSTANT_CONVERSION = YES;
				CLANG_WARN_DIRECT_OBJC_ISA_USAGE = YES_ERROR;
				CLANG_WARN_EMPTY_BODY = YES;
				CLANG_WARN_ENUM_CONVERSION = YES;
				CLANG_WARN_INT_CONVERSION = YES;
				CLANG_WARN_OBJC_ROOT_CLASS = YES_ERROR;
				CLANG_WARN_UNREACHABLE_CODE = YES;
				CLANG_WARN__DUPLICATE_METHOD_MATCH = YES;
				"CODE_SIGN_IDENTITY[sdk=iphoneos*]" = "iPhone Developer";
				COPY_PHASE_STRIP = NO;
				DEBUG_INFORMATION_FORMAT = "dwarf-with-dsym";
				ENABLE_STRICT_OBJC_MSGSEND = YES;
				GCC_C_LANGUAGE_STANDARD = gnu99;
				GCC_DYNAMIC_NO_PIC = NO;
				GCC_NO_COMMON_BLOCKS = YES;
				GCC_OPTIMIZATION_LEVEL = 0;
				GCC_PREPROCESSOR_DEFINITIONS = (
					"DEBUG=1",
					"$(inherited)",
				);
				GCC_SYMBOLS_PRIVATE_EXTERN = NO;
				GCC_WARN_64_TO_32_BIT_CONVERSION = YES;
				GCC_WARN_ABOUT_RETURN_TYPE = YES_ERROR;
				GCC_WARN_UNDECLARED_SELECTOR = YES;
				GCC_WARN_UNINITIALIZED_AUTOS = YES_AGGRESSIVE;
				GCC_WARN_UNUSED_FUNCTION = YES;
				GCC_WARN_UNUSED_VARIABLE = YES;
				IPHONEOS_DEPLOYMENT_TARGET = 8.3;
				MTL_ENABLE_DEBUG_INFO = YES;
				ONLY_ACTIVE_ARCH = YES;
				SDKROOT = iphoneos;
				TARGETED_DEVICE_FAMILY = "1,2";
			};
			name = Debug;
		};
		7E4A11B41B164735001A146A /* Release */ = {
			isa = XCBuildConfiguration;
			buildSettings = {
				ALWAYS_SEARCH_USER_PATHS = NO;
				CLANG_CXX_LANGUAGE_STANDARD = "gnu++0x";
				CLANG_CXX_LIBRARY = "libc++";
				CLANG_ENABLE_MODULES = YES;
				CLANG_ENABLE_OBJC_ARC = YES;
				CLANG_WARN_BOOL_CONVERSION = YES;
				CLANG_WARN_CONSTANT_CONVERSION = YES;
				CLANG_WARN_DIRECT_OBJC_ISA_USAGE = YES_ERROR;
				CLANG_WARN_EMPTY_BODY = YES;
				CLANG_WARN_ENUM_CONVERSION = YES;
				CLANG_WARN_INT_CONVERSION = YES;
				CLANG_WARN_OBJC_ROOT_CLASS = YES_ERROR;
				CLANG_WARN_UNREACHABLE_CODE = YES;
				CLANG_WARN__DUPLICATE_METHOD_MATCH = YES;
				"CODE_SIGN_IDENTITY[sdk=iphoneos*]" = "iPhone Developer";
				COPY_PHASE_STRIP = NO;
				DEBUG_INFORMATION_FORMAT = "dwarf-with-dsym";
				ENABLE_NS_ASSERTIONS = NO;
				ENABLE_STRICT_OBJC_MSGSEND = YES;
				GCC_C_LANGUAGE_STANDARD = gnu99;
				GCC_NO_COMMON_BLOCKS = YES;
				GCC_WARN_64_TO_32_BIT_CONVERSION = YES;
				GCC_WARN_ABOUT_RETURN_TYPE = YES_ERROR;
				GCC_WARN_UNDECLARED_SELECTOR = YES;
				GCC_WARN_UNINITIALIZED_AUTOS = YES_AGGRESSIVE;
				GCC_WARN_UNUSED_FUNCTION = YES;
				GCC_WARN_UNUSED_VARIABLE = YES;
				IPHONEOS_DEPLOYMENT_TARGET = 8.3;
				MTL_ENABLE_DEBUG_INFO = NO;
				SDKROOT = iphoneos;
				TARGETED_DEVICE_FAMILY = "1,2";
				VALIDATE_PRODUCT = YES;
			};
			name = Release;
		};
		7E4A11B61B164735001A146A /* Debug */ = {
			isa = XCBuildConfiguration;
			buildSettings = {
				ASSETCATALOG_COMPILER_APPICON_NAME = AppIcon;
				INFOPLIST_FILE = GetOnThatBus/Info.plist;
				LD_RUNPATH_SEARCH_PATHS = "$(inherited) @executable_path/Frameworks";
				PRODUCT_NAME = "$(TARGET_NAME)";
			};
			name = Debug;
		};
		7E4A11B71B164735001A146A /* Release */ = {
			isa = XCBuildConfiguration;
			buildSettings = {
				ASSETCATALOG_COMPILER_APPICON_NAME = AppIcon;
				INFOPLIST_FILE = GetOnThatBus/Info.plist;
				LD_RUNPATH_SEARCH_PATHS = "$(inherited) @executable_path/Frameworks";
				PRODUCT_NAME = "$(TARGET_NAME)";
			};
			name = Release;
		};
		7E4A11B91B164735001A146A /* Debug */ = {
			isa = XCBuildConfiguration;
			buildSettings = {
				BUNDLE_LOADER = "$(TEST_HOST)";
				FRAMEWORK_SEARCH_PATHS = (
					"$(SDKROOT)/Developer/Library/Frameworks",
					"$(inherited)",
				);
				GCC_PREPROCESSOR_DEFINITIONS = (
					"DEBUG=1",
					"$(inherited)",
				);
				INFOPLIST_FILE = GetOnThatBusTests/Info.plist;
				LD_RUNPATH_SEARCH_PATHS = "$(inherited) @executable_path/Frameworks @loader_path/Frameworks";
				PRODUCT_NAME = "$(TARGET_NAME)";
				TEST_HOST = "$(BUILT_PRODUCTS_DIR)/GetOnThatBus.app/GetOnThatBus";
			};
			name = Debug;
		};
		7E4A11BA1B164735001A146A /* Release */ = {
			isa = XCBuildConfiguration;
			buildSettings = {
				BUNDLE_LOADER = "$(TEST_HOST)";
				FRAMEWORK_SEARCH_PATHS = (
					"$(SDKROOT)/Developer/Library/Frameworks",
					"$(inherited)",
				);
				INFOPLIST_FILE = GetOnThatBusTests/Info.plist;
				LD_RUNPATH_SEARCH_PATHS = "$(inherited) @executable_path/Frameworks @loader_path/Frameworks";
				PRODUCT_NAME = "$(TARGET_NAME)";
				TEST_HOST = "$(BUILT_PRODUCTS_DIR)/GetOnThatBus.app/GetOnThatBus";
			};
			name = Release;
		};
/* End XCBuildConfiguration section */

/* Begin XCConfigurationList section */
		7E4A118D1B164735001A146A /* Build configuration list for PBXProject "GetOnThatBus" */ = {
			isa = XCConfigurationList;
			buildConfigurations = (
				7E4A11B31B164735001A146A /* Debug */,
				7E4A11B41B164735001A146A /* Release */,
			);
			defaultConfigurationIsVisible = 0;
			defaultConfigurationName = Release;
		};
		7E4A11B51B164735001A146A /* Build configuration list for PBXNativeTarget "GetOnThatBus" */ = {
			isa = XCConfigurationList;
			buildConfigurations = (
				7E4A11B61B164735001A146A /* Debug */,
				7E4A11B71B164735001A146A /* Release */,
			);
			defaultConfigurationIsVisible = 0;
		};
		7E4A11B81B164735001A146A /* Build configuration list for PBXNativeTarget "GetOnThatBusTests" */ = {
			isa = XCConfigurationList;
			buildConfigurations = (
				7E4A11B91B164735001A146A /* Debug */,
				7E4A11BA1B164735001A146A /* Release */,
			);
			defaultConfigurationIsVisible = 0;
		};
/* End XCConfigurationList section */
	};
	rootObject = 7E4A118A1B164735001A146A /* Project object */;
}
